PODS:
  - Firebase/Auth (3.15.0):
    - Firebase/Core
    - FirebaseAuth (= 3.1.1)
  - Firebase/Core (3.15.0):
    - FirebaseAnalytics (= 3.7.0)
    - FirebaseCore (= 3.5.2)
  - Firebase/Database (3.15.0):
    - Firebase/Core
    - FirebaseDatabase (= 3.1.2)
  - Firebase/Storage (3.15.0):
    - Firebase/Core
    - FirebaseStorage (= 1.1.0)
  - firebase_analytics (0.0.1):
    - Firebase/Core
    - Flutter
  - firebase_auth (0.0.1):
    - Firebase/Auth
    - Firebase/Core
    - FirebaseUI/Auth (~> 3.0)
    - FirebaseUI/Google
    - Flutter
    - Google/SignIn
  - firebase_database (0.0.1):
    - Firebase/Database
    - Flutter
  - firebase_storage (0.0.1):
    - Firebase/Storage
    - Flutter
  - FirebaseAnalytics (3.7.0):
    - FirebaseCore (~> 3.5)
    - FirebaseInstanceID (~> 1.0)
    - GoogleToolboxForMac/NSData+zlib (~> 2.1)
  - FirebaseAuth (3.1.1):
    - FirebaseAnalytics (~> 3.7)
    - GoogleToolboxForMac/NSDictionary+URLArguments (~> 2.1)
    - GTMSessionFetcher/Core (~> 1.1)
  - FirebaseCore (3.5.2):
    - GoogleToolboxForMac/NSData+zlib (~> 2.1)
  - FirebaseDatabase (3.1.2):
    - FirebaseAnalytics (~> 3.7)
  - FirebaseInstanceID (1.0.9)
  - FirebaseStorage (1.1.0):
    - FirebaseAnalytics (~> 3.7)
    - GTMSessionFetcher/Core (~> 1.1)
  - FirebaseUI/Auth (3.1.1):
    - Firebase/Auth
  - FirebaseUI/Google (3.1.1):
    - FirebaseUI/Auth
    - GoogleSignIn (~> 4.0)
  - Flutter (1.0.0)
  - Google/Core (3.0.3):
    - FirebaseAnalytics (~> 3.2)
  - Google/SignIn (3.0.3):
    - Google/Core
    - GoogleSignIn (~> 4.0)
  - google_sign_in (0.0.1):
    - Flutter
    - GoogleSignIn (~> 4.0)
  - GoogleSignIn (4.0.2):
    - GoogleToolboxForMac/NSDictionary+URLArguments (~> 2.1)
    - GoogleToolboxForMac/NSString+URLArguments (~> 2.1)
    - GTMOAuth2 (~> 1.0)
    - GTMSessionFetcher/Core (~> 1.1)
  - GoogleToolboxForMac/DebugUtils (2.1.1):
    - GoogleToolboxForMac/Defines (= 2.1.1)
  - GoogleToolboxForMac/Defines (2.1.1)
  - GoogleToolboxForMac/NSData+zlib (2.1.1):
    - GoogleToolboxForMac/Defines (= 2.1.1)
  - GoogleToolboxForMac/NSDictionary+URLArguments (2.1.1):
    - GoogleToolboxForMac/DebugUtils (= 2.1.1)
    - GoogleToolboxForMac/Defines (= 2.1.1)
    - GoogleToolboxForMac/NSString+URLArguments (= 2.1.1)
  - GoogleToolboxForMac/NSString+URLArguments (2.1.1)
  - GTMOAuth2 (1.1.4):
    - GTMSessionFetcher (~> 1.1)
  - GTMSessionFetcher (1.1.9):
    - GTMSessionFetcher/Full (= 1.1.9)
  - GTMSessionFetcher/Core (1.1.9)
  - GTMSessionFetcher/Full (1.1.9):
    - GTMSessionFetcher/Core (= 1.1.9)
  - image_picker (0.0.1):
    - Flutter

DEPENDENCIES:
  - firebase_analytics (from `/Users/ninja/.pub-cache/hosted/pub.dartlang.org/firebase_analytics-0.0.4/ios`)
  - firebase_auth (from `/Users/ninja/.pub-cache/hosted/pub.dartlang.org/firebase_auth-0.1.1/ios`)
  - firebase_database (from `/Users/ninja/.pub-cache/hosted/pub.dartlang.org/firebase_database-0.0.12/ios`)
  - firebase_storage (from `/Users/ninja/.pub-cache/hosted/pub.dartlang.org/firebase_storage-0.0.5/ios`)
  - Flutter (from `/Users/ninja/flutter/bin/cache/artifacts/engine/ios`)
  - google_sign_in (from `/Users/ninja/.pub-cache/hosted/pub.dartlang.org/google_sign_in-0.3.1/ios`)
  - image_picker (from `/Users/ninja/.pub-cache/hosted/pub.dartlang.org/image_picker-0.1.1/ios`)

EXTERNAL SOURCES:
  firebase_analytics:
    :path: /Users/ninja/.pub-cache/hosted/pub.dartlang.org/firebase_analytics-0.0.4/ios
  firebase_auth:
    :path: /Users/ninja/.pub-cache/hosted/pub.dartlang.org/firebase_auth-0.1.1/ios
  firebase_database:
    :path: /Users/ninja/.pub-cache/hosted/pub.dartlang.org/firebase_database-0.0.12/ios
  firebase_storage:
    :path: /Users/ninja/.pub-cache/hosted/pub.dartlang.org/firebase_storage-0.0.5/ios
  Flutter:
    :path: /Users/ninja/flutter/bin/cache/artifacts/engine/ios
  google_sign_in:
    :path: /Users/ninja/.pub-cache/hosted/pub.dartlang.org/google_sign_in-0.3.1/ios
  image_picker:
    :path: /Users/ninja/.pub-cache/hosted/pub.dartlang.org/image_picker-0.1.1/ios

SPEC CHECKSUMS:
  Firebase: 2b1cdfba1cda8589f32904a697cc753322bff9d8
  firebase_analytics: e14732ea6575c050175fa09e07358db87842dbe3
  firebase_auth: bc8727f162f8af67ae665f9c533ef546a8f789de
  firebase_database: 8d50f5c188b769afc186b0a700b2c6cdb8208df9
  firebase_storage: eb8091489a1cfb657eeefc933bb1ccfab23195a3
  FirebaseAnalytics: 0d1b7d81d5021155be37702a94ba1ec16d45365d
  FirebaseAuth: cc8a1824170adbd351edb7f994490a3fb5c18be6
  FirebaseCore: a024587e43778508700af8c6b1209f7c4516ba02
  FirebaseDatabase: 05c96d7b43a7368dc91c07791adb49683e1738d1
  FirebaseInstanceID: 2d0518b1378fe9d685ef40cbdd63d2fdc1125339
  FirebaseStorage: a5c55b23741a49a72af8f30f95b3bb5ddbeda12d
  FirebaseUI: 6e99ff95e369f5858232e4f65bff215458fe8469
  Flutter: d674e78c937094a75ac71dd77e921e840bea3dbf
  Google: 813c467362eabc11385f5a5cc9ad0cb651a58f4e
  google_sign_in: 24ea34feed2d7d04e957cd1c4daf063c488532c2
  GoogleSignIn: d7ad83f13480e1f30453471d00d19b5293ac46af
  GoogleToolboxForMac: 8e329f1b599f2512c6b10676d45736bcc2cbbeb0
  GTMOAuth2: 7fc9c10f5c745f4d9850419ea88889fe3baa6b7d
  GTMSessionFetcher: 5c046c76a1f859bc9c187e918f18e4fc7bb57b5e
  image_picker: a211f28b95a560433c00f5cd3773f4710a20404d

PODFILE CHECKSUM: 9726cfc9b4cc3fdf8f06d9bc5099ce52519a6489

COCOAPODS: 1.2.0
